
Microsoft Visual Studio Solution File, Format Version 12.00
# Visual Studio Version 16
VisualStudioVersion = 16.0.31005.135
MinimumVisualStudioVersion = 10.0.40219.1
Project("{FAE04EC0-301F-11D3-BF4B-00C04F79EFBC}") = "CSLab1", "CSLab1\CSLab1.csproj", "{BA42938D-48F7-4CD2-A691-194A1A4DF042}"
EndProject
Global
	GlobalSection(SolutionConfigurationPlatforms) = preSolution
		Debug|Any CPU = Debug|Any CPU
		Release|Any CPU = Release|Any CPU
	EndGlobalSection
	GlobalSection(ProjectConfigurationPlatforms) = postSolution
		{BA42938D-48F7-4CD2-A691-194A1A4DF042}.Debug|Any CPU.ActiveCfg = Debug|Any CPU
		{BA42938D-48F7-4CD2-A691-194A1A4DF042}.Debug|Any CPU.Build.0 = Debug|Any CPU
		{BA42938D-48F7-4CD2-A691-194A1A4DF042}.Release|Any CPU.ActiveCfg = Release|Any CPU
		{BA42938D-48F7-4CD2-A691-194A1A4DF042}.Release|Any CPU.Build.0 = Release|Any CPU
	EndGlobalSection
	GlobalSection(SolutionProperties) = preSolution
		HideSolutionNode = FALSE
	EndGlobalSection
	GlobalSection(ExtensibilityGlobals) = postSolution
		SolutionGuid = {FCE0949E-8558-4C14-8C69-B642C837EC87}
	EndGlobalSection
EndGlobal
