
Microsoft Visual Studio Solution File, Format Version 12.00
# Visual Studio Version 16
VisualStudioVersion = 16.0.31005.135
MinimumVisualStudioVersion = 10.0.40219.1
Project("{FAE04EC0-301F-11D3-BF4B-00C04F79EFBC}") = "lab7", "lab7\lab7.csproj", "{1C22EC76-458E-44A0-B6E0-74663E41D851}"
EndProject
Global
	GlobalSection(SolutionConfigurationPlatforms) = preSolution
		Debug|Any CPU = Debug|Any CPU
		Release|Any CPU = Release|Any CPU
	EndGlobalSection
	GlobalSection(ProjectConfigurationPlatforms) = postSolution
		{1C22EC76-458E-44A0-B6E0-74663E41D851}.Debug|Any CPU.ActiveCfg = Debug|Any CPU
		{1C22EC76-458E-44A0-B6E0-74663E41D851}.Debug|Any CPU.Build.0 = Debug|Any CPU
		{1C22EC76-458E-44A0-B6E0-74663E41D851}.Release|Any CPU.ActiveCfg = Release|Any CPU
		{1C22EC76-458E-44A0-B6E0-74663E41D851}.Release|Any CPU.Build.0 = Release|Any CPU
	EndGlobalSection
	GlobalSection(SolutionProperties) = preSolution
		HideSolutionNode = FALSE
	EndGlobalSection
	GlobalSection(ExtensibilityGlobals) = postSolution
		SolutionGuid = {0F90EF71-AF54-4358-AD76-A5D0BC180300}
	EndGlobalSection
EndGlobal
